PODS:
  - AppAuth (2.1.0):
    - AppAuth/Core (= 2.1.0)
    - AppAuth/ExternalUserAgent (= 2.1.0)
  - AppAuth/Core (2.1.0)
  - AppAuth/ExternalUserAgent (2.1.0):
    - AppAuth/Core
  - AppCheckCore (11.3.2):
    - GoogleUtilities/Environment (~> 8.0)
    - GoogleUtilities/UserDefaults (~> 8.0)
    - PromisesObjC (~> 2.4)
    - PromisesSwift (~> 2.4)
    - RecaptchaInterop (~> 101.0)
  - file_picker_darwin (1.0.0):
    - Flutter
    - FlutterMacOS
  - Flutter (1.0.0)
  - flutter_secure_storage_darwin (10.0.0):
    - Flutter
    - FlutterMacOS
  - Google-Mobile-Ads-SDK (13.11.0):
    - GoogleUserMessagingPlatform (>= 1.1)
  - google_mobile_ads (9.1.0):
    - Flutter
    - Google-Mobile-Ads-SDK (~> 13.7)
    - webview_flutter_wkwebview
  - google_sign_in_ios (0.0.1):
    - Flutter
    - FlutterMacOS
    - GoogleSignIn (~> 9.0)
    - GTMSessionFetcher (>= 3.4.0)
  - GoogleSignIn (9.2.0):
    - AppAuth (~> 2.1)
    - AppCheckCore (~> 11.0)
    - GTMAppAuth (~> 5.0)
    - GTMSessionFetcher/Core (~> 3.3)
  - GoogleUserMessagingPlatform (3.1.0)
  - GoogleUtilities/Environment (8.1.3):
    - GoogleUtilities/Privacy
  - GoogleUtilities/Logger (8.1.3):
    - GoogleUtilities/Environment
    - GoogleUtilities/Privacy
  - GoogleUtilities/Privacy (8.1.3)
  - GoogleUtilities/UserDefaults (8.1.3):
    - GoogleUtilities/Logger
    - GoogleUtilities/Privacy
  - GTMAppAuth (5.0.0):
    - AppAuth/Core (~> 2.0)
    - GTMSessionFetcher/Core (< 4.0, >= 3.3)
  - GTMSessionFetcher (3.5.0):
    - GTMSessionFetcher/Full (= 3.5.0)
  - GTMSessionFetcher/Core (3.5.0)
  - GTMSessionFetcher/Full (3.5.0):
    - GTMSessionFetcher/Core
  - home_widget (0.0.1):
    - Flutter
  - PromisesObjC (2.4.1)
  - PromisesSwift (2.4.1):
    - PromisesObjC (= 2.4.1)
  - RecaptchaInterop (101.0.0)
  - share_plus (0.0.1):
    - Flutter
  - shared_preferences_foundation (0.0.1):
    - Flutter
    - FlutterMacOS
  - sqflite_darwin (0.0.4):
    - Flutter
    - FlutterMacOS
  - webview_flutter_wkwebview (0.0.1):
    - Flutter
    - FlutterMacOS

DEPENDENCIES:
  - file_picker_darwin (from `.symlinks/plugins/file_picker_darwin/darwin`)
  - Flutter (from `Flutter`)
  - flutter_secure_storage_darwin (from `.symlinks/plugins/flutter_secure_storage_darwin/darwin`)
  - google_mobile_ads (from `.symlinks/plugins/google_mobile_ads/ios`)
  - google_sign_in_ios (from `.symlinks/plugins/google_sign_in_ios/darwin`)
  - home_widget (from `.symlinks/plugins/home_widget/ios`)
  - share_plus (from `.symlinks/plugins/share_plus/ios`)
  - shared_preferences_foundation (from `.symlinks/plugins/shared_preferences_foundation/darwin`)
  - sqflite_darwin (from `.symlinks/plugins/sqflite_darwin/darwin`)
  - webview_flutter_wkwebview (from `.symlinks/plugins/webview_flutter_wkwebview/darwin`)

SPEC REPOS:
  trunk:
    - AppAuth
    - AppCheckCore
    - Google-Mobile-Ads-SDK
    - GoogleSignIn
    - GoogleUserMessagingPlatform
    - GoogleUtilities
    - GTMAppAuth
    - GTMSessionFetcher
    - PromisesObjC
    - PromisesSwift
    - RecaptchaInterop

EXTERNAL SOURCES:
  file_picker_darwin:
    :path: ".symlinks/plugins/file_picker_darwin/darwin"
  Flutter:
    :path: Flutter
  flutter_secure_storage_darwin:
    :path: ".symlinks/plugins/flutter_secure_storage_darwin/darwin"
  google_mobile_ads:
    :path: ".symlinks/plugins/google_mobile_ads/ios"
  google_sign_in_ios:
    :path: ".symlinks/plugins/google_sign_in_ios/darwin"
  home_widget:
    :path: ".symlinks/plugins/home_widget/ios"
  share_plus:
    :path: ".symlinks/plugins/share_plus/ios"
  shared_preferences_foundation:
    :path: ".symlinks/plugins/shared_preferences_foundation/darwin"
  sqflite_darwin:
    :path: ".symlinks/plugins/sqflite_darwin/darwin"
  webview_flutter_wkwebview:
    :path: ".symlinks/plugins/webview_flutter_wkwebview/darwin"

SPEC CHECKSUMS:
  AppAuth: ef4da5a3fc2e10b90c09a0a94a9baeaedc0341d5
  AppCheckCore: be8fce5469f68d7f6a29aa94b25f097409ff7fdc
  file_picker_darwin: 4c2b9a50ea44cb3b071381ea0cf48591bdd80251
  Flutter: 71a624a5bc0c04062bf19101d501e466baf2fb47
  flutter_secure_storage_darwin: 46e401699982ee74142909676535e0f6a7321e58
  Google-Mobile-Ads-SDK: 09d0868abe43b9f851b7b340a245679f0eafc96c
  google_mobile_ads: 6b1c16497394528f4a59e76e2fc947cb32b101e2
  google_sign_in_ios: d66ab4c862f03eb4b3cac147ba2d9d7e56ef03f7
  GoogleSignIn: e449a40a92e9f2eea56e98b5214d13725dc5a00a
  GoogleUserMessagingPlatform: befe603da6501006420c206222acd449bba45a9c
  GoogleUtilities: 4e0c2ad9fa0d0d18b5c4df8bf57b461cba35b0bb
  GTMAppAuth: 217a876b249c3c585a54fd6f73e6b58c4f5c4238
  GTMSessionFetcher: 5aea5ba6bd522a239e236100971f10cb71b96ab6
  home_widget: 54b4f6b36ed8d64cfee594a476225c35c3e45091
  PromisesObjC: 752c3227f599e3467650e47ea36f433eeb10c273
  PromisesSwift: 217dea0fd5d2ad65222a109c48698add13cc1c5b
  RecaptchaInterop: 11e0b637842dfb48308d242afc3f448062325aba
  share_plus: 50da8cb520a8f0f65671c6c6a99b3617ed10a58a
  shared_preferences_foundation: 7036424c3d8ec98dfe75ff1667cb0cd531ec82bb
  sqflite_darwin: 20b2a3a3b70e43edae938624ce550a3cbf66a3d0
  webview_flutter_wkwebview: 8ebf4fded22593026f7dbff1fbff31ea98573c8d

PODFILE CHECKSUM: 3ba3a73b1b12adcf321a227a745625fe0888cc82

COCOAPODS: 1.16.2
