PODS:
  - file_picker_darwin (1.0.0):
    - Flutter
    - FlutterMacOS
  - Flutter (1.0.0)
  - home_widget (0.0.1):
    - Flutter
  - share_plus (0.0.1):
    - Flutter
  - sqflite_darwin (0.0.4):
    - Flutter
    - FlutterMacOS

DEPENDENCIES:
  - file_picker_darwin (from `.symlinks/plugins/file_picker_darwin/darwin`)
  - Flutter (from `Flutter`)
  - home_widget (from `.symlinks/plugins/home_widget/ios`)
  - share_plus (from `.symlinks/plugins/share_plus/ios`)
  - sqflite_darwin (from `.symlinks/plugins/sqflite_darwin/darwin`)

EXTERNAL SOURCES:
  file_picker_darwin:
    :path: ".symlinks/plugins/file_picker_darwin/darwin"
  Flutter:
    :path: Flutter
  home_widget:
    :path: ".symlinks/plugins/home_widget/ios"
  share_plus:
    :path: ".symlinks/plugins/share_plus/ios"
  sqflite_darwin:
    :path: ".symlinks/plugins/sqflite_darwin/darwin"

SPEC CHECKSUMS:
  file_picker_darwin: 4c2b9a50ea44cb3b071381ea0cf48591bdd80251
  Flutter: 71a624a5bc0c04062bf19101d501e466baf2fb47
  home_widget: 54b4f6b36ed8d64cfee594a476225c35c3e45091
  share_plus: 50da8cb520a8f0f65671c6c6a99b3617ed10a58a
  sqflite_darwin: 20b2a3a3b70e43edae938624ce550a3cbf66a3d0

PODFILE CHECKSUM: 3ba3a73b1b12adcf321a227a745625fe0888cc82

COCOAPODS: 1.16.2
